
Microsoft Visual Studio Solution File, Format Version 12.00
# Visual Studio 14
VisualStudioVersion = 14.0.24720.0
MinimumVisualStudioVersion = 10.0.40219.1
Project("{FAE04EC0-301F-11D3-BF4B-00C04F79EFBC}") = "CRUD", "CRUD\CRUD.csproj", "{27D5A4AD-0D6F-4B97-9B61-2FE3E89CB1C1}"
EndProject
Project("{FAE04EC0-301F-11D3-BF4B-00C04F79EFBC}") = "Regex", "Regex\Regex.csproj", "{255240F7-A0C1-43A7-A0F1-2BA2D14E0846}"
EndProject
Project("{FAE04EC0-301F-11D3-BF4B-00C04F79EFBC}") = "Lambda", "Lambda\Lambda.csproj", "{1D33854A-0442-449A-A275-193ABD557D69}"
EndProject
Project("{FAE04EC0-301F-11D3-BF4B-00C04F79EFBC}") = "PasswordValidation", "PasswordValidation\PasswordValidation.csproj", "{4D9B862E-7297-4623-92FE-93AEDC323D2A}"
EndProject
Project("{FAE04EC0-301F-11D3-BF4B-00C04F79EFBC}") = "FilePath", "FilePath\FilePath.csproj", "{538F0A3D-AEF3-4EC1-858B-C165D8C07F6B}"
EndProject
Project("{FAE04EC0-301F-11D3-BF4B-00C04F79EFBC}") = "Log", "Log\Log.csproj", "{938749CA-EE76-47DC-9A8D-7C3CA1BCBD9A}"
EndProject
Project("{FAE04EC0-301F-11D3-BF4B-00C04F79EFBC}") = "Excel", "Excel\Excel.csproj", "{B23AE303-8CE0-44BD-A466-9950196D8903}"
EndProject
Project("{FAE04EC0-301F-11D3-BF4B-00C04F79EFBC}") = "TestService", "TestService\TestService.csproj", "{7FEC3A04-F594-4A1B-94CF-3FD6E2669767}"
EndProject
Project("{FAE04EC0-301F-11D3-BF4B-00C04F79EFBC}") = "TestAPI", "TestAPI\TestAPI.csproj", "{2756EF01-6823-4D72-AE43-BEF56D2EE85D}"
EndProject
Project("{FAE04EC0-301F-11D3-BF4B-00C04F79EFBC}") = "Angularjs", "Angularjs\Angularjs.csproj", "{8789EAE5-F93F-4E13-8FB0-EC882BEA5F49}"
EndProject
Project("{FAE04EC0-301F-11D3-BF4B-00C04F79EFBC}") = "testController", "testController\testController.csproj", "{263D6A6D-F852-441F-A158-DE98358ED1BB}"
EndProject
Global
	GlobalSection(SolutionConfigurationPlatforms) = preSolution
		Debug|Any CPU = Debug|Any CPU
		Release|Any CPU = Release|Any CPU
	EndGlobalSection
	GlobalSection(ProjectConfigurationPlatforms) = postSolution
		{27D5A4AD-0D6F-4B97-9B61-2FE3E89CB1C1}.Debug|Any CPU.ActiveCfg = Debug|Any CPU
		{27D5A4AD-0D6F-4B97-9B61-2FE3E89CB1C1}.Debug|Any CPU.Build.0 = Debug|Any CPU
		{27D5A4AD-0D6F-4B97-9B61-2FE3E89CB1C1}.Release|Any CPU.ActiveCfg = Release|Any CPU
		{27D5A4AD-0D6F-4B97-9B61-2FE3E89CB1C1}.Release|Any CPU.Build.0 = Release|Any CPU
		{255240F7-A0C1-43A7-A0F1-2BA2D14E0846}.Debug|Any CPU.ActiveCfg = Debug|Any CPU
		{255240F7-A0C1-43A7-A0F1-2BA2D14E0846}.Debug|Any CPU.Build.0 = Debug|Any CPU
		{255240F7-A0C1-43A7-A0F1-2BA2D14E0846}.Release|Any CPU.ActiveCfg = Release|Any CPU
		{255240F7-A0C1-43A7-A0F1-2BA2D14E0846}.Release|Any CPU.Build.0 = Release|Any CPU
		{1D33854A-0442-449A-A275-193ABD557D69}.Debug|Any CPU.ActiveCfg = Debug|Any CPU
		{1D33854A-0442-449A-A275-193ABD557D69}.Debug|Any CPU.Build.0 = Debug|Any CPU
		{1D33854A-0442-449A-A275-193ABD557D69}.Release|Any CPU.ActiveCfg = Release|Any CPU
		{1D33854A-0442-449A-A275-193ABD557D69}.Release|Any CPU.Build.0 = Release|Any CPU
		{4D9B862E-7297-4623-92FE-93AEDC323D2A}.Debug|Any CPU.ActiveCfg = Debug|Any CPU
		{4D9B862E-7297-4623-92FE-93AEDC323D2A}.Debug|Any CPU.Build.0 = Debug|Any CPU
		{4D9B862E-7297-4623-92FE-93AEDC323D2A}.Release|Any CPU.ActiveCfg = Release|Any CPU
		{4D9B862E-7297-4623-92FE-93AEDC323D2A}.Release|Any CPU.Build.0 = Release|Any CPU
		{538F0A3D-AEF3-4EC1-858B-C165D8C07F6B}.Debug|Any CPU.ActiveCfg = Debug|Any CPU
		{538F0A3D-AEF3-4EC1-858B-C165D8C07F6B}.Debug|Any CPU.Build.0 = Debug|Any CPU
		{538F0A3D-AEF3-4EC1-858B-C165D8C07F6B}.Release|Any CPU.ActiveCfg = Release|Any CPU
		{538F0A3D-AEF3-4EC1-858B-C165D8C07F6B}.Release|Any CPU.Build.0 = Release|Any CPU
		{938749CA-EE76-47DC-9A8D-7C3CA1BCBD9A}.Debug|Any CPU.ActiveCfg = Debug|Any CPU
		{938749CA-EE76-47DC-9A8D-7C3CA1BCBD9A}.Debug|Any CPU.Build.0 = Debug|Any CPU
		{938749CA-EE76-47DC-9A8D-7C3CA1BCBD9A}.Release|Any CPU.ActiveCfg = Release|Any CPU
		{938749CA-EE76-47DC-9A8D-7C3CA1BCBD9A}.Release|Any CPU.Build.0 = Release|Any CPU
		{B23AE303-8CE0-44BD-A466-9950196D8903}.Debug|Any CPU.ActiveCfg = Debug|Any CPU
		{B23AE303-8CE0-44BD-A466-9950196D8903}.Debug|Any CPU.Build.0 = Debug|Any CPU
		{B23AE303-8CE0-44BD-A466-9950196D8903}.Release|Any CPU.ActiveCfg = Release|Any CPU
		{B23AE303-8CE0-44BD-A466-9950196D8903}.Release|Any CPU.Build.0 = Release|Any CPU
		{7FEC3A04-F594-4A1B-94CF-3FD6E2669767}.Debug|Any CPU.ActiveCfg = Debug|Any CPU
		{7FEC3A04-F594-4A1B-94CF-3FD6E2669767}.Debug|Any CPU.Build.0 = Debug|Any CPU
		{7FEC3A04-F594-4A1B-94CF-3FD6E2669767}.Release|Any CPU.ActiveCfg = Release|Any CPU
		{7FEC3A04-F594-4A1B-94CF-3FD6E2669767}.Release|Any CPU.Build.0 = Release|Any CPU
		{2756EF01-6823-4D72-AE43-BEF56D2EE85D}.Debug|Any CPU.ActiveCfg = Debug|Any CPU
		{2756EF01-6823-4D72-AE43-BEF56D2EE85D}.Debug|Any CPU.Build.0 = Debug|Any CPU
		{2756EF01-6823-4D72-AE43-BEF56D2EE85D}.Release|Any CPU.ActiveCfg = Release|Any CPU
		{2756EF01-6823-4D72-AE43-BEF56D2EE85D}.Release|Any CPU.Build.0 = Release|Any CPU
		{8789EAE5-F93F-4E13-8FB0-EC882BEA5F49}.Debug|Any CPU.ActiveCfg = Debug|Any CPU
		{8789EAE5-F93F-4E13-8FB0-EC882BEA5F49}.Debug|Any CPU.Build.0 = Debug|Any CPU
		{8789EAE5-F93F-4E13-8FB0-EC882BEA5F49}.Release|Any CPU.ActiveCfg = Release|Any CPU
		{8789EAE5-F93F-4E13-8FB0-EC882BEA5F49}.Release|Any CPU.Build.0 = Release|Any CPU
		{263D6A6D-F852-441F-A158-DE98358ED1BB}.Debug|Any CPU.ActiveCfg = Debug|Any CPU
		{263D6A6D-F852-441F-A158-DE98358ED1BB}.Debug|Any CPU.Build.0 = Debug|Any CPU
		{263D6A6D-F852-441F-A158-DE98358ED1BB}.Release|Any CPU.ActiveCfg = Release|Any CPU
		{263D6A6D-F852-441F-A158-DE98358ED1BB}.Release|Any CPU.Build.0 = Release|Any CPU
	EndGlobalSection
	GlobalSection(SolutionProperties) = preSolution
		HideSolutionNode = FALSE
	EndGlobalSection
EndGlobal
